// !$*UTF8*$!
{
	archiveVersion = 1;
	classes = {
	};
	objectVersion = 55;
	objects = {

/* Begin PBXBuildFile section */
		3231407AFF48BE24B332D7B8 /* Pods_CursoiOS_Proyecto2.framework in Frameworks */ = {isa = PBXBuildFile; fileRef = F1AC60E8DFC3F5890E59D637 /* Pods_CursoiOS_Proyecto2.framework */; };
		451D09DE2799BB3500FB5A3B /* FetchCatsUseCase.swift in Sources */ = {isa = PBXBuildFile; fileRef = 451D09DD2799BB3500FB5A3B /* FetchCatsUseCase.swift */; };
		451D09E02799BB5200FB5A3B /* Cat.swift in Sources */ = {isa = PBXBuildFile; fileRef = 451D09DF2799BB5200FB5A3B /* Cat.swift */; };
		451D09E22799D70500FB5A3B /* ListTableViewCell.swift in Sources */ = {isa = PBXBuildFile; fileRef = 451D09E12799D70500FB5A3B /* ListTableViewCell.swift */; };
		4532A89A27A1BB5E00FEFC33 /* CatsToFormWireframe.swift in Sources */ = {isa = PBXBuildFile; fileRef = 4532A89927A1BB5E00FEFC33 /* CatsToFormWireframe.swift */; };
		4532A89C27A1BE5200FEFC33 /* CatsToCatsListWireframe.swift in Sources */ = {isa = PBXBuildFile; fileRef = 4532A89B27A1BE5200FEFC33 /* CatsToCatsListWireframe.swift */; };
		4532A89F27A1C3D800FEFC33 /* Localizable.strings in Resources */ = {isa = PBXBuildFile; fileRef = 4532A8A127A1C3D800FEFC33 /* Localizable.strings */; };
		4532A8A527A1C85000FEFC33 /* StringExtensions.swift in Sources */ = {isa = PBXBuildFile; fileRef = 4532A8A427A1C85000FEFC33 /* StringExtensions.swift */; };
		4532A8A727A1C90B00FEFC33 /* UIViewControllerExtensions.swift in Sources */ = {isa = PBXBuildFile; fileRef = 4532A8A627A1C90B00FEFC33 /* UIViewControllerExtensions.swift */; };
		456B449F27986440004A15B5 /* ListViewController.storyboard in Resources */ = {isa = PBXBuildFile; fileRef = 456B449E27986440004A15B5 /* ListViewController.storyboard */; };
		456B44A1279864CD004A15B5 /* ListViewController.swift in Sources */ = {isa = PBXBuildFile; fileRef = 456B44A0279864CD004A15B5 /* ListViewController.swift */; };
		456B44A327986A24004A15B5 /* ListControllerBuilder.swift in Sources */ = {isa = PBXBuildFile; fileRef = 456B44A227986A24004A15B5 /* ListControllerBuilder.swift */; };
		456B44A9279874DD004A15B5 /* DetailViewController.swift in Sources */ = {isa = PBXBuildFile; fileRef = 456B44A7279874DD004A15B5 /* DetailViewController.swift */; };
		456B44AA279874DD004A15B5 /* DetailViewController.xib in Resources */ = {isa = PBXBuildFile; fileRef = 456B44A8279874DD004A15B5 /* DetailViewController.xib */; };
		456B44AC279875C7004A15B5 /* DetailControllerBuilder.swift in Sources */ = {isa = PBXBuildFile; fileRef = 456B44AB279875C7004A15B5 /* DetailControllerBuilder.swift */; };
		456B44AF27988AFF004A15B5 /* CollectionViewController.storyboard in Resources */ = {isa = PBXBuildFile; fileRef = 456B44AE27988AFF004A15B5 /* CollectionViewController.storyboard */; };
		456B44B127988B0F004A15B5 /* CollectionViewController.swift in Sources */ = {isa = PBXBuildFile; fileRef = 456B44B027988B0F004A15B5 /* CollectionViewController.swift */; };
		456B44B327988B98004A15B5 /* CollectionControllerBuilder.swift in Sources */ = {isa = PBXBuildFile; fileRef = 456B44B227988B98004A15B5 /* CollectionControllerBuilder.swift */; };
		456B44B527989722004A15B5 /* CollectionCollectionViewCell.swift in Sources */ = {isa = PBXBuildFile; fileRef = 456B44B427989722004A15B5 /* CollectionCollectionViewCell.swift */; };
		45771B11279F035400EF2FCF /* ListViewContract.swift in Sources */ = {isa = PBXBuildFile; fileRef = 45771B10279F035400EF2FCF /* ListViewContract.swift */; };
		45771B13279F048B00EF2FCF /* CatsListPresenter.swift in Sources */ = {isa = PBXBuildFile; fileRef = 45771B12279F048B00EF2FCF /* CatsListPresenter.swift */; };
		45771B15279F1DA400EF2FCF /* CatsListInteractor.swift in Sources */ = {isa = PBXBuildFile; fileRef = 45771B14279F1DA400EF2FCF /* CatsListInteractor.swift */; };
		45771B1B279F216800EF2FCF /* CatsListWireframe.swift in Sources */ = {isa = PBXBuildFile; fileRef = 45771B1A279F216800EF2FCF /* CatsListWireframe.swift */; };
		45C53F2227A04AE400164FA8 /* CatsListProvider.swift in Sources */ = {isa = PBXBuildFile; fileRef = 45C53F2127A04AE400164FA8 /* CatsListProvider.swift */; };
		45C53F2627A053F000164FA8 /* UserFormViewController.storyboard in Resources */ = {isa = PBXBuildFile; fileRef = 45C53F2527A053F000164FA8 /* UserFormViewController.storyboard */; };
		45C53F2827A0541600164FA8 /* UserFormViewController.swift in Sources */ = {isa = PBXBuildFile; fileRef = 45C53F2727A0541500164FA8 /* UserFormViewController.swift */; };
		45C53F2A27A0546100164FA8 /* UserFormBuilder.swift in Sources */ = {isa = PBXBuildFile; fileRef = 45C53F2927A0546100164FA8 /* UserFormBuilder.swift */; };
		45C53F2C27A0633800164FA8 /* UserFormContract.swift in Sources */ = {isa = PBXBuildFile; fileRef = 45C53F2B27A0633800164FA8 /* UserFormContract.swift */; };
		45C53F2F27A06C3000164FA8 /* UserFormPresenter.swift in Sources */ = {isa = PBXBuildFile; fileRef = 45C53F2E27A06C2F00164FA8 /* UserFormPresenter.swift */; };
		45C53F3127A06C8D00164FA8 /* UserFormModel.swift in Sources */ = {isa = PBXBuildFile; fileRef = 45C53F3027A06C8D00164FA8 /* UserFormModel.swift */; };
		4A80F5C5B32416B3AC33509A /* Pods_CursoiOS_Proyecto2_CursoiOS_Proyecto2UITests.framework in Frameworks */ = {isa = PBXBuildFile; fileRef = C321E8C5F02F48E5A9D07054 /* Pods_CursoiOS_Proyecto2_CursoiOS_Proyecto2UITests.framework */; };
		89656A158BEB54E4C8B64E66 /* Pods_CursoiOS_Proyecto2Tests.framework in Frameworks */ = {isa = PBXBuildFile; fileRef = 5ECEBAD0D04B22085C34E2AC /* Pods_CursoiOS_Proyecto2Tests.framework */; };
		D786BCEC2798278F004619AD /* AppDelegate.swift in Sources */ = {isa = PBXBuildFile; fileRef = D786BCEB2798278F004619AD /* AppDelegate.swift */; };
		D786BCEE2798278F004619AD /* SceneDelegate.swift in Sources */ = {isa = PBXBuildFile; fileRef = D786BCED2798278F004619AD /* SceneDelegate.swift */; };
		D786BCF527982793004619AD /* Assets.xcassets in Resources */ = {isa = PBXBuildFile; fileRef = D786BCF427982793004619AD /* Assets.xcassets */; };
		D786BCF827982793004619AD /* LaunchScreen.storyboard in Resources */ = {isa = PBXBuildFile; fileRef = D786BCF627982793004619AD /* LaunchScreen.storyboard */; };
		D786BD0327982793004619AD /* CursoiOS_Proyecto2Tests.swift in Sources */ = {isa = PBXBuildFile; fileRef = D786BD0227982793004619AD /* CursoiOS_Proyecto2Tests.swift */; };
		D786BD0D27982793004619AD /* CursoiOS_Proyecto2UITests.swift in Sources */ = {isa = PBXBuildFile; fileRef = D786BD0C27982793004619AD /* CursoiOS_Proyecto2UITests.swift */; };
		D786BD0F27982793004619AD /* CursoiOS_Proyecto2UITestsLaunchTests.swift in Sources */ = {isa = PBXBuildFile; fileRef = D786BD0E27982793004619AD /* CursoiOS_Proyecto2UITestsLaunchTests.swift */; };
		D786BD2127982A45004619AD /* FetchLandmarksUseCase.swift in Sources */ = {isa = PBXBuildFile; fileRef = D786BD2027982A45004619AD /* FetchLandmarksUseCase.swift */; };
		D786BD2427982A72004619AD /* Landmark.swift in Sources */ = {isa = PBXBuildFile; fileRef = D786BD2327982A72004619AD /* Landmark.swift */; };
		D786BD2627982AD6004619AD /* FetchLandmarksFromDiskTests.swift in Sources */ = {isa = PBXBuildFile; fileRef = D786BD2527982AD6004619AD /* FetchLandmarksFromDiskTests.swift */; };
		D786BD2927982B7E004619AD /* landmarkData.json in Resources */ = {isa = PBXBuildFile; fileRef = D786BD2827982B7E004619AD /* landmarkData.json */; };
		D786BD2C27982D07004619AD /* InitialControllerBuilder.swift in Sources */ = {isa = PBXBuildFile; fileRef = D786BD2B27982D07004619AD /* InitialControllerBuilder.swift */; };
/* End PBXBuildFile section */

/* Begin PBXContainerItemProxy section */
		D786BCFF27982793004619AD /* PBXContainerItemProxy */ = {
			isa = PBXContainerItemProxy;
			containerPortal = D786BCE02798278F004619AD /* Project object */;
			proxyType = 1;
			remoteGlobalIDString = D786BCE72798278F004619AD;
			remoteInfo = "CursoiOS-Proyecto2";
		};
		D786BD0927982793004619AD /* PBXContainerItemProxy */ = {
			isa = PBXContainerItemProxy;
			containerPortal = D786BCE02798278F004619AD /* Project object */;
			proxyType = 1;
			remoteGlobalIDString = D786BCE72798278F004619AD;
			remoteInfo = "CursoiOS-Proyecto2";
		};
/* End PBXContainerItemProxy section */

/* Begin PBXFileReference section */
		16898DC4962B0831CD32FA83 /* Pods-CursoiOS-Proyecto2-CursoiOS-Proyecto2UITests.debug.xcconfig */ = {isa = PBXFileReference; includeInIndex = 1; lastKnownFileType = text.xcconfig; name = "Pods-CursoiOS-Proyecto2-CursoiOS-Proyecto2UITests.debug.xcconfig"; path = "Target Support Files/Pods-CursoiOS-Proyecto2-CursoiOS-Proyecto2UITests/Pods-CursoiOS-Proyecto2-CursoiOS-Proyecto2UITests.debug.xcconfig"; sourceTree = "<group>"; };
		314E908CB691053B58AB263C /* Pods-CursoiOS-Proyecto2.release.xcconfig */ = {isa = PBXFileReference; includeInIndex = 1; lastKnownFileType = text.xcconfig; name = "Pods-CursoiOS-Proyecto2.release.xcconfig"; path = "Target Support Files/Pods-CursoiOS-Proyecto2/Pods-CursoiOS-Proyecto2.release.xcconfig"; sourceTree = "<group>"; };
		451D09DD2799BB3500FB5A3B /* FetchCatsUseCase.swift */ = {isa = PBXFileReference; lastKnownFileType = sourcecode.swift; path = FetchCatsUseCase.swift; sourceTree = "<group>"; };
		451D09DF2799BB5200FB5A3B /* Cat.swift */ = {isa = PBXFileReference; lastKnownFileType = sourcecode.swift; path = Cat.swift; sourceTree = "<group>"; };
		451D09E12799D70500FB5A3B /* ListTableViewCell.swift */ = {isa = PBXFileReference; lastKnownFileType = sourcecode.swift; path = ListTableViewCell.swift; sourceTree = "<group>"; };
		4532A89927A1BB5E00FEFC33 /* CatsToFormWireframe.swift */ = {isa = PBXFileReference; lastKnownFileType = sourcecode.swift; path = CatsToFormWireframe.swift; sourceTree = "<group>"; };
		4532A89B27A1BE5200FEFC33 /* CatsToCatsListWireframe.swift */ = {isa = PBXFileReference; lastKnownFileType = sourcecode.swift; path = CatsToCatsListWireframe.swift; sourceTree = "<group>"; };
		4532A8A027A1C3D800FEFC33 /* en */ = {isa = PBXFileReference; lastKnownFileType = text.plist.strings; name = en; path = en.lproj/Localizable.strings; sourceTree = "<group>"; };
		4532A8A227A1C45000FEFC33 /* es */ = {isa = PBXFileReference; lastKnownFileType = text.plist.strings; name = es; path = es.lproj/Localizable.strings; sourceTree = "<group>"; };
		4532A8A427A1C85000FEFC33 /* StringExtensions.swift */ = {isa = PBXFileReference; lastKnownFileType = sourcecode.swift; path = StringExtensions.swift; sourceTree = "<group>"; };
		4532A8A627A1C90B00FEFC33 /* UIViewControllerExtensions.swift */ = {isa = PBXFileReference; lastKnownFileType = sourcecode.swift; path = UIViewControllerExtensions.swift; sourceTree = "<group>"; };
		456B449E27986440004A15B5 /* ListViewController.storyboard */ = {isa = PBXFileReference; lastKnownFileType = file.storyboard; path = ListViewController.storyboard; sourceTree = "<group>"; };
		456B44A0279864CD004A15B5 /* ListViewController.swift */ = {isa = PBXFileReference; lastKnownFileType = sourcecode.swift; path = ListViewController.swift; sourceTree = "<group>"; };
		456B44A227986A24004A15B5 /* ListControllerBuilder.swift */ = {isa = PBXFileReference; lastKnownFileType = sourcecode.swift; path = ListControllerBuilder.swift; sourceTree = "<group>"; };
		456B44A7279874DD004A15B5 /* DetailViewController.swift */ = {isa = PBXFileReference; lastKnownFileType = sourcecode.swift; path = DetailViewController.swift; sourceTree = "<group>"; };
		456B44A8279874DD004A15B5 /* DetailViewController.xib */ = {isa = PBXFileReference; lastKnownFileType = file.xib; path = DetailViewController.xib; sourceTree = "<group>"; };
		456B44AB279875C7004A15B5 /* DetailControllerBuilder.swift */ = {isa = PBXFileReference; lastKnownFileType = sourcecode.swift; path = DetailControllerBuilder.swift; sourceTree = "<group>"; };
		456B44AE27988AFF004A15B5 /* CollectionViewController.storyboard */ = {isa = PBXFileReference; lastKnownFileType = file.storyboard; path = CollectionViewController.storyboard; sourceTree = "<group>"; };
		456B44B027988B0F004A15B5 /* CollectionViewController.swift */ = {isa = PBXFileReference; lastKnownFileType = sourcecode.swift; path = CollectionViewController.swift; sourceTree = "<group>"; };
		456B44B227988B98004A15B5 /* CollectionControllerBuilder.swift */ = {isa = PBXFileReference; lastKnownFileType = sourcecode.swift; path = CollectionControllerBuilder.swift; sourceTree = "<group>"; };
		456B44B427989722004A15B5 /* CollectionCollectionViewCell.swift */ = {isa = PBXFileReference; lastKnownFileType = sourcecode.swift; path = CollectionCollectionViewCell.swift; sourceTree = "<group>"; };
		45771B10279F035400EF2FCF /* ListViewContract.swift */ = {isa = PBXFileReference; lastKnownFileType = sourcecode.swift; path = ListViewContract.swift; sourceTree = "<group>"; };
		45771B12279F048B00EF2FCF /* CatsListPresenter.swift */ = {isa = PBXFileReference; lastKnownFileType = sourcecode.swift; path = CatsListPresenter.swift; sourceTree = "<group>"; };
		45771B14279F1DA400EF2FCF /* CatsListInteractor.swift */ = {isa = PBXFileReference; lastKnownFileType = sourcecode.swift; path = CatsListInteractor.swift; sourceTree = "<group>"; };
		45771B1A279F216800EF2FCF /* CatsListWireframe.swift */ = {isa = PBXFileReference; lastKnownFileType = sourcecode.swift; path = CatsListWireframe.swift; sourceTree = "<group>"; };
		45C53F2127A04AE400164FA8 /* CatsListProvider.swift */ = {isa = PBXFileReference; lastKnownFileType = sourcecode.swift; path = CatsListProvider.swift; sourceTree = "<group>"; };
		45C53F2527A053F000164FA8 /* UserFormViewController.storyboard */ = {isa = PBXFileReference; lastKnownFileType = file.storyboard; path = UserFormViewController.storyboard; sourceTree = "<group>"; };
		45C53F2727A0541500164FA8 /* UserFormViewController.swift */ = {isa = PBXFileReference; lastKnownFileType = sourcecode.swift; path = UserFormViewController.swift; sourceTree = "<group>"; };
		45C53F2927A0546100164FA8 /* UserFormBuilder.swift */ = {isa = PBXFileReference; lastKnownFileType = sourcecode.swift; path = UserFormBuilder.swift; sourceTree = "<group>"; };
		45C53F2B27A0633800164FA8 /* UserFormContract.swift */ = {isa = PBXFileReference; lastKnownFileType = sourcecode.swift; path = UserFormContract.swift; sourceTree = "<group>"; };
		45C53F2E27A06C2F00164FA8 /* UserFormPresenter.swift */ = {isa = PBXFileReference; lastKnownFileType = sourcecode.swift; path = UserFormPresenter.swift; sourceTree = "<group>"; };
		45C53F3027A06C8D00164FA8 /* UserFormModel.swift */ = {isa = PBXFileReference; lastKnownFileType = sourcecode.swift; path = UserFormModel.swift; sourceTree = "<group>"; };
		4A5A9FDDF78F23CD2E098C9B /* Pods-CursoiOS-Proyecto2-CursoiOS-Proyecto2UITests.release.xcconfig */ = {isa = PBXFileReference; includeInIndex = 1; lastKnownFileType = text.xcconfig; name = "Pods-CursoiOS-Proyecto2-CursoiOS-Proyecto2UITests.release.xcconfig"; path = "Target Support Files/Pods-CursoiOS-Proyecto2-CursoiOS-Proyecto2UITests/Pods-CursoiOS-Proyecto2-CursoiOS-Proyecto2UITests.release.xcconfig"; sourceTree = "<group>"; };
		5190E534D46FCB9CC146CE14 /* Pods-CursoiOS-Proyecto2.debug.xcconfig */ = {isa = PBXFileReference; includeInIndex = 1; lastKnownFileType = text.xcconfig; name = "Pods-CursoiOS-Proyecto2.debug.xcconfig"; path = "Target Support Files/Pods-CursoiOS-Proyecto2/Pods-CursoiOS-Proyecto2.debug.xcconfig"; sourceTree = "<group>"; };
		5ECEBAD0D04B22085C34E2AC /* Pods_CursoiOS_Proyecto2Tests.framework */ = {isa = PBXFileReference; explicitFileType = wrapper.framework; includeInIndex = 0; path = Pods_CursoiOS_Proyecto2Tests.framework; sourceTree = BUILT_PRODUCTS_DIR; };
		70AD52B70BD603144C3E962B /* Pods-CursoiOS-Proyecto2Tests.release.xcconfig */ = {isa = PBXFileReference; includeInIndex = 1; lastKnownFileType = text.xcconfig; name = "Pods-CursoiOS-Proyecto2Tests.release.xcconfig"; path = "Target Support Files/Pods-CursoiOS-Proyecto2Tests/Pods-CursoiOS-Proyecto2Tests.release.xcconfig"; sourceTree = "<group>"; };
		7702DD57BE214B1243912FCF /* Pods-CursoiOS-Proyecto2Tests.debug.xcconfig */ = {isa = PBXFileReference; includeInIndex = 1; lastKnownFileType = text.xcconfig; name = "Pods-CursoiOS-Proyecto2Tests.debug.xcconfig"; path = "Target Support Files/Pods-CursoiOS-Proyecto2Tests/Pods-CursoiOS-Proyecto2Tests.debug.xcconfig"; sourceTree = "<group>"; };
		C321E8C5F02F48E5A9D07054 /* Pods_CursoiOS_Proyecto2_CursoiOS_Proyecto2UITests.framework */ = {isa = PBXFileReference; explicitFileType = wrapper.framework; includeInIndex = 0; path = Pods_CursoiOS_Proyecto2_CursoiOS_Proyecto2UITests.framework; sourceTree = BUILT_PRODUCTS_DIR; };
		D786BCE82798278F004619AD /* CursoiOS-Proyecto2.app */ = {isa = PBXFileReference; explicitFileType = wrapper.application; includeInIndex = 0; path = "CursoiOS-Proyecto2.app"; sourceTree = BUILT_PRODUCTS_DIR; };
		D786BCEB2798278F004619AD /* AppDelegate.swift */ = {isa = PBXFileReference; lastKnownFileType = sourcecode.swift; path = AppDelegate.swift; sourceTree = "<group>"; };
		D786BCED2798278F004619AD /* SceneDelegate.swift */ = {isa = PBXFileReference; lastKnownFileType = sourcecode.swift; path = SceneDelegate.swift; sourceTree = "<group>"; };
		D786BCF427982793004619AD /* Assets.xcassets */ = {isa = PBXFileReference; lastKnownFileType = folder.assetcatalog; path = Assets.xcassets; sourceTree = "<group>"; };
		D786BCF727982793004619AD /* Base */ = {isa = PBXFileReference; lastKnownFileType = file.storyboard; name = Base; path = Base.lproj/LaunchScreen.storyboard; sourceTree = "<group>"; };
		D786BCF927982793004619AD /* Info.plist */ = {isa = PBXFileReference; lastKnownFileType = text.plist.xml; path = Info.plist; sourceTree = "<group>"; };
		D786BCFE27982793004619AD /* CursoiOS-Proyecto2Tests.xctest */ = {isa = PBXFileReference; explicitFileType = wrapper.cfbundle; includeInIndex = 0; path = "CursoiOS-Proyecto2Tests.xctest"; sourceTree = BUILT_PRODUCTS_DIR; };
		D786BD0227982793004619AD /* CursoiOS_Proyecto2Tests.swift */ = {isa = PBXFileReference; lastKnownFileType = sourcecode.swift; path = CursoiOS_Proyecto2Tests.swift; sourceTree = "<group>"; };
		D786BD0827982793004619AD /* CursoiOS-Proyecto2UITests.xctest */ = {isa = PBXFileReference; explicitFileType = wrapper.cfbundle; includeInIndex = 0; path = "CursoiOS-Proyecto2UITests.xctest"; sourceTree = BUILT_PRODUCTS_DIR; };
		D786BD0C27982793004619AD /* CursoiOS_Proyecto2UITests.swift */ = {isa = PBXFileReference; lastKnownFileType = sourcecode.swift; path = CursoiOS_Proyecto2UITests.swift; sourceTree = "<group>"; };
		D786BD0E27982793004619AD /* CursoiOS_Proyecto2UITestsLaunchTests.swift */ = {isa = PBXFileReference; lastKnownFileType = sourcecode.swift; path = CursoiOS_Proyecto2UITestsLaunchTests.swift; sourceTree = "<group>"; };
		D786BD2027982A45004619AD /* FetchLandmarksUseCase.swift */ = {isa = PBXFileReference; lastKnownFileType = sourcecode.swift; path = FetchLandmarksUseCase.swift; sourceTree = "<group>"; };
		D786BD2327982A72004619AD /* Landmark.swift */ = {isa = PBXFileReference; lastKnownFileType = sourcecode.swift; path = Landmark.swift; sourceTree = "<group>"; };
		D786BD2527982AD6004619AD /* FetchLandmarksFromDiskTests.swift */ = {isa = PBXFileReference; lastKnownFileType = sourcecode.swift; path = FetchLandmarksFromDiskTests.swift; sourceTree = "<group>"; };
		D786BD2827982B7E004619AD /* landmarkData.json */ = {isa = PBXFileReference; fileEncoding = 4; lastKnownFileType = text.json; path = landmarkData.json; sourceTree = "<group>"; };
		D786BD2B27982D07004619AD /* InitialControllerBuilder.swift */ = {isa = PBXFileReference; fileEncoding = 4; lastKnownFileType = sourcecode.swift; path = InitialControllerBuilder.swift; sourceTree = "<group>"; };
		F1AC60E8DFC3F5890E59D637 /* Pods_CursoiOS_Proyecto2.framework */ = {isa = PBXFileReference; explicitFileType = wrapper.framework; includeInIndex = 0; path = Pods_CursoiOS_Proyecto2.framework; sourceTree = BUILT_PRODUCTS_DIR; };
/* End PBXFileReference section */

/* Begin PBXFrameworksBuildPhase section */
		D786BCE52798278F004619AD /* Frameworks */ = {
			isa = PBXFrameworksBuildPhase;
			buildActionMask = 2147483647;
			files = (
				3231407AFF48BE24B332D7B8 /* Pods_CursoiOS_Proyecto2.framework in Frameworks */,
			);
			runOnlyForDeploymentPostprocessing = 0;
		};
		D786BCFB27982793004619AD /* Frameworks */ = {
			isa = PBXFrameworksBuildPhase;
			buildActionMask = 2147483647;
			files = (
				89656A158BEB54E4C8B64E66 /* Pods_CursoiOS_Proyecto2Tests.framework in Frameworks */,
			);
			runOnlyForDeploymentPostprocessing = 0;
		};
		D786BD0527982793004619AD /* Frameworks */ = {
			isa = PBXFrameworksBuildPhase;
			buildActionMask = 2147483647;
			files = (
				4A80F5C5B32416B3AC33509A /* Pods_CursoiOS_Proyecto2_CursoiOS_Proyecto2UITests.framework in Frameworks */,
			);
			runOnlyForDeploymentPostprocessing = 0;
		};
/* End PBXFrameworksBuildPhase section */

/* Begin PBXGroup section */
		4532A8A327A1C82300FEFC33 /* Extensions */ = {
			isa = PBXGroup;
			children = (
				4532A8A427A1C85000FEFC33 /* StringExtensions.swift */,
				4532A8A627A1C90B00FEFC33 /* UIViewControllerExtensions.swift */,
			);
			path = Extensions;
			sourceTree = "<group>";
		};
		456B449D2798640F004A15B5 /* ListController */ = {
			isa = PBXGroup;
			children = (
				45771B19279F1FFC00EF2FCF /* Wireframe */,
				45771B18279F1FE100EF2FCF /* Interactor */,
				45771B17279F1FD700EF2FCF /* Presenter */,
				45771B16279F1F8D00EF2FCF /* UI */,
				456B44A227986A24004A15B5 /* ListControllerBuilder.swift */,
				45771B10279F035400EF2FCF /* ListViewContract.swift */,
			);
			path = ListController;
			sourceTree = "<group>";
		};
		456B44A427987482004A15B5 /* Detail */ = {
			isa = PBXGroup;
			children = (
				456B44A7279874DD004A15B5 /* DetailViewController.swift */,
				456B44A8279874DD004A15B5 /* DetailViewController.xib */,
				456B44AB279875C7004A15B5 /* DetailControllerBuilder.swift */,
			);
			path = Detail;
			sourceTree = "<group>";
		};
		456B44AD27988ADB004A15B5 /* Collection */ = {
			isa = PBXGroup;
			children = (
				456B44AE27988AFF004A15B5 /* CollectionViewController.storyboard */,
				456B44B027988B0F004A15B5 /* CollectionViewController.swift */,
				456B44B227988B98004A15B5 /* CollectionControllerBuilder.swift */,
				456B44B427989722004A15B5 /* CollectionCollectionViewCell.swift */,
			);
			path = Collection;
			sourceTree = "<group>";
		};
		45771B16279F1F8D00EF2FCF /* UI */ = {
			isa = PBXGroup;
			children = (
				456B449E27986440004A15B5 /* ListViewController.storyboard */,
				456B44A0279864CD004A15B5 /* ListViewController.swift */,
				451D09E12799D70500FB5A3B /* ListTableViewCell.swift */,
			);
			path = UI;
			sourceTree = "<group>";
		};
		45771B17279F1FD700EF2FCF /* Presenter */ = {
			isa = PBXGroup;
			children = (
				45771B12279F048B00EF2FCF /* CatsListPresenter.swift */,
			);
			path = Presenter;
			sourceTree = "<group>";
		};
		45771B18279F1FE100EF2FCF /* Interactor */ = {
			isa = PBXGroup;
			children = (
				45771B14279F1DA400EF2FCF /* CatsListInteractor.swift */,
			);
			path = Interactor;
			sourceTree = "<group>";
		};
		45771B19279F1FFC00EF2FCF /* Wireframe */ = {
			isa = PBXGroup;
			children = (
				45771B1A279F216800EF2FCF /* CatsListWireframe.swift */,
				4532A89927A1BB5E00FEFC33 /* CatsToFormWireframe.swift */,
				4532A89B27A1BE5200FEFC33 /* CatsToCatsListWireframe.swift */,
			);
			path = Wireframe;
			sourceTree = "<group>";
		};
		45C53F2027A04ABE00164FA8 /* Providers */ = {
			isa = PBXGroup;
			children = (
				45C53F2127A04AE400164FA8 /* CatsListProvider.swift */,
			);
			path = Providers;
			sourceTree = "<group>";
		};
		45C53F2327A053C400164FA8 /* UserForm */ = {
			isa = PBXGroup;
			children = (
				45C53F2427A053D500164FA8 /* UI */,
				45C53F2D27A06C1000164FA8 /* Presenter */,
				45C53F2927A0546100164FA8 /* UserFormBuilder.swift */,
				45C53F2B27A0633800164FA8 /* UserFormContract.swift */,
			);
			path = UserForm;
			sourceTree = "<group>";
		};
		45C53F2427A053D500164FA8 /* UI */ = {
			isa = PBXGroup;
			children = (
				45C53F2527A053F000164FA8 /* UserFormViewController.storyboard */,
				45C53F2727A0541500164FA8 /* UserFormViewController.swift */,
			);
			path = UI;
			sourceTree = "<group>";
		};
		45C53F2D27A06C1000164FA8 /* Presenter */ = {
			isa = PBXGroup;
			children = (
				45C53F2E27A06C2F00164FA8 /* UserFormPresenter.swift */,
			);
			path = Presenter;
			sourceTree = "<group>";
		};
		BF3FAA9803ACC0B32DF45BBC /* Pods */ = {
			isa = PBXGroup;
			children = (
				5190E534D46FCB9CC146CE14 /* Pods-CursoiOS-Proyecto2.debug.xcconfig */,
				314E908CB691053B58AB263C /* Pods-CursoiOS-Proyecto2.release.xcconfig */,
				16898DC4962B0831CD32FA83 /* Pods-CursoiOS-Proyecto2-CursoiOS-Proyecto2UITests.debug.xcconfig */,
				4A5A9FDDF78F23CD2E098C9B /* Pods-CursoiOS-Proyecto2-CursoiOS-Proyecto2UITests.release.xcconfig */,
				7702DD57BE214B1243912FCF /* Pods-CursoiOS-Proyecto2Tests.debug.xcconfig */,
				70AD52B70BD603144C3E962B /* Pods-CursoiOS-Proyecto2Tests.release.xcconfig */,
			);
			path = Pods;
			sourceTree = "<group>";
		};
		D786BCDF2798278F004619AD = {
			isa = PBXGroup;
			children = (
				D786BCEA2798278F004619AD /* CursoiOS-Proyecto2 */,
				D786BD0127982793004619AD /* CursoiOS-Proyecto2Tests */,
				D786BD0B27982793004619AD /* CursoiOS-Proyecto2UITests */,
				D786BCE92798278F004619AD /* Products */,
				BF3FAA9803ACC0B32DF45BBC /* Pods */,
				D9F14459A765673AF2861B70 /* Frameworks */,
			);
			sourceTree = "<group>";
		};
		D786BCE92798278F004619AD /* Products */ = {
			isa = PBXGroup;
			children = (
				D786BCE82798278F004619AD /* CursoiOS-Proyecto2.app */,
				D786BCFE27982793004619AD /* CursoiOS-Proyecto2Tests.xctest */,
				D786BD0827982793004619AD /* CursoiOS-Proyecto2UITests.xctest */,
			);
			name = Products;
			sourceTree = "<group>";
		};
		D786BCEA2798278F004619AD /* CursoiOS-Proyecto2 */ = {
			isa = PBXGroup;
			children = (
				4532A8A327A1C82300FEFC33 /* Extensions */,
				45C53F2027A04ABE00164FA8 /* Providers */,
				D786BD1B2798285A004619AD /* Modules */,
				D786BD1F27982A32004619AD /* UseCases */,
				D786BD2227982A65004619AD /* Models */,
				D786BCEB2798278F004619AD /* AppDelegate.swift */,
				D786BCED2798278F004619AD /* SceneDelegate.swift */,
				D786BCF427982793004619AD /* Assets.xcassets */,
				D786BCF627982793004619AD /* LaunchScreen.storyboard */,
				D786BCF927982793004619AD /* Info.plist */,
				D786BD2727982B56004619AD /* Supporting files */,
			);
			path = "CursoiOS-Proyecto2";
			sourceTree = "<group>";
		};
		D786BD0127982793004619AD /* CursoiOS-Proyecto2Tests */ = {
			isa = PBXGroup;
			children = (
				D786BD0227982793004619AD /* CursoiOS_Proyecto2Tests.swift */,
				D786BD2527982AD6004619AD /* FetchLandmarksFromDiskTests.swift */,
			);
			path = "CursoiOS-Proyecto2Tests";
			sourceTree = "<group>";
		};
		D786BD0B27982793004619AD /* CursoiOS-Proyecto2UITests */ = {
			isa = PBXGroup;
			children = (
				D786BD0C27982793004619AD /* CursoiOS_Proyecto2UITests.swift */,
				D786BD0E27982793004619AD /* CursoiOS_Proyecto2UITestsLaunchTests.swift */,
			);
			path = "CursoiOS-Proyecto2UITests";
			sourceTree = "<group>";
		};
		D786BD1B2798285A004619AD /* Modules */ = {
			isa = PBXGroup;
			children = (
				45C53F2327A053C400164FA8 /* UserForm */,
				456B44AD27988ADB004A15B5 /* Collection */,
				456B44A427987482004A15B5 /* Detail */,
				456B449D2798640F004A15B5 /* ListController */,
				D786BD2B27982D07004619AD /* InitialControllerBuilder.swift */,
			);
			path = Modules;
			sourceTree = "<group>";
		};
		D786BD1F27982A32004619AD /* UseCases */ = {
			isa = PBXGroup;
			children = (
				D786BD2027982A45004619AD /* FetchLandmarksUseCase.swift */,
				451D09DD2799BB3500FB5A3B /* FetchCatsUseCase.swift */,
			);
			path = UseCases;
			sourceTree = "<group>";
		};
		D786BD2227982A65004619AD /* Models */ = {
			isa = PBXGroup;
			children = (
				D786BD2327982A72004619AD /* Landmark.swift */,
				451D09DF2799BB5200FB5A3B /* Cat.swift */,
				45C53F3027A06C8D00164FA8 /* UserFormModel.swift */,
			);
			path = Models;
			sourceTree = "<group>";
		};
		D786BD2727982B56004619AD /* Supporting files */ = {
			isa = PBXGroup;
			children = (
				D786BD2827982B7E004619AD /* landmarkData.json */,
				4532A8A127A1C3D800FEFC33 /* Localizable.strings */,
			);
			path = "Supporting files";
			sourceTree = "<group>";
		};
		D9F14459A765673AF2861B70 /* Frameworks */ = {
			isa = PBXGroup;
			children = (
				F1AC60E8DFC3F5890E59D637 /* Pods_CursoiOS_Proyecto2.framework */,
				C321E8C5F02F48E5A9D07054 /* Pods_CursoiOS_Proyecto2_CursoiOS_Proyecto2UITests.framework */,
				5ECEBAD0D04B22085C34E2AC /* Pods_CursoiOS_Proyecto2Tests.framework */,
			);
			name = Frameworks;
			sourceTree = "<group>";
		};
/* End PBXGroup section */

/* Begin PBXNativeTarget section */
		D786BCE72798278F004619AD /* CursoiOS-Proyecto2 */ = {
			isa = PBXNativeTarget;
			buildConfigurationList = D786BD1227982793004619AD /* Build configuration list for PBXNativeTarget "CursoiOS-Proyecto2" */;
			buildPhases = (
				A59BB8F054B9E9314C8A896E /* [CP] Check Pods Manifest.lock */,
				D786BCE42798278F004619AD /* Sources */,
				D786BCE52798278F004619AD /* Frameworks */,
				D786BCE62798278F004619AD /* Resources */,
				E74625A89151A20DC492035A /* [CP] Embed Pods Frameworks */,
			);
			buildRules = (
			);
			dependencies = (
			);
			name = "CursoiOS-Proyecto2";
			productName = "CursoiOS-Proyecto2";
			productReference = D786BCE82798278F004619AD /* CursoiOS-Proyecto2.app */;
			productType = "com.apple.product-type.application";
		};
		D786BCFD27982793004619AD /* CursoiOS-Proyecto2Tests */ = {
			isa = PBXNativeTarget;
			buildConfigurationList = D786BD1527982793004619AD /* Build configuration list for PBXNativeTarget "CursoiOS-Proyecto2Tests" */;
			buildPhases = (
				33F76DBFAC4844EB49A96B41 /* [CP] Check Pods Manifest.lock */,
				D786BCFA27982793004619AD /* Sources */,
				D786BCFB27982793004619AD /* Frameworks */,
				D786BCFC27982793004619AD /* Resources */,
			);
			buildRules = (
			);
			dependencies = (
				D786BD0027982793004619AD /* PBXTargetDependency */,
			);
			name = "CursoiOS-Proyecto2Tests";
			productName = "CursoiOS-Proyecto2Tests";
			productReference = D786BCFE27982793004619AD /* CursoiOS-Proyecto2Tests.xctest */;
			productType = "com.apple.product-type.bundle.unit-test";
		};
		D786BD0727982793004619AD /* CursoiOS-Proyecto2UITests */ = {
			isa = PBXNativeTarget;
			buildConfigurationList = D786BD1827982793004619AD /* Build configuration list for PBXNativeTarget "CursoiOS-Proyecto2UITests" */;
			buildPhases = (
				B67E7D5AC340FFCF40E4C79E /* [CP] Check Pods Manifest.lock */,
				D786BD0427982793004619AD /* Sources */,
				D786BD0527982793004619AD /* Frameworks */,
				D786BD0627982793004619AD /* Resources */,
				86EA59638A85A7FEE16A0ED8 /* [CP] Embed Pods Frameworks */,
			);
			buildRules = (
			);
			dependencies = (
				D786BD0A27982793004619AD /* PBXTargetDependency */,
			);
			name = "CursoiOS-Proyecto2UITests";
			productName = "CursoiOS-Proyecto2UITests";
			productReference = D786BD0827982793004619AD /* CursoiOS-Proyecto2UITests.xctest */;
			productType = "com.apple.product-type.bundle.ui-testing";
		};
/* End PBXNativeTarget section */

/* Begin PBXProject section */
		D786BCE02798278F004619AD /* Project object */ = {
			isa = PBXProject;
			attributes = {
				BuildIndependentTargetsInParallel = 1;
				LastSwiftUpdateCheck = 1310;
				LastUpgradeCheck = 1310;
				TargetAttributes = {
					D786BCE72798278F004619AD = {
						CreatedOnToolsVersion = 13.1;
					};
					D786BCFD27982793004619AD = {
						CreatedOnToolsVersion = 13.1;
						TestTargetID = D786BCE72798278F004619AD;
					};
					D786BD0727982793004619AD = {
						CreatedOnToolsVersion = 13.1;
						TestTargetID = D786BCE72798278F004619AD;
					};
				};
			};
			buildConfigurationList = D786BCE32798278F004619AD /* Build configuration list for PBXProject "CursoiOS-Proyecto2" */;
			compatibilityVersion = "Xcode 13.0";
			developmentRegion = en;
			hasScannedForEncodings = 0;
			knownRegions = (
				en,
				Base,
				es,
			);
			mainGroup = D786BCDF2798278F004619AD;
			productRefGroup = D786BCE92798278F004619AD /* Products */;
			projectDirPath = "";
			projectRoot = "";
			targets = (
				D786BCE72798278F004619AD /* CursoiOS-Proyecto2 */,
				D786BCFD27982793004619AD /* CursoiOS-Proyecto2Tests */,
				D786BD0727982793004619AD /* CursoiOS-Proyecto2UITests */,
			);
		};
/* End PBXProject section */

/* Begin PBXResourcesBuildPhase section */
		D786BCE62798278F004619AD /* Resources */ = {
			isa = PBXResourcesBuildPhase;
			buildActionMask = 2147483647;
			files = (
				D786BCF827982793004619AD /* LaunchScreen.storyboard in Resources */,
				45C53F2627A053F000164FA8 /* UserFormViewController.storyboard in Resources */,
				D786BCF527982793004619AD /* Assets.xcassets in Resources */,
				456B44AA279874DD004A15B5 /* DetailViewController.xib in Resources */,
				456B44AF27988AFF004A15B5 /* CollectionViewController.storyboard in Resources */,
				4532A89F27A1C3D800FEFC33 /* Localizable.strings in Resources */,
				D786BD2927982B7E004619AD /* landmarkData.json in Resources */,
				456B449F27986440004A15B5 /* ListViewController.storyboard in Resources */,
			);
			runOnlyForDeploymentPostprocessing = 0;
		};
		D786BCFC27982793004619AD /* Resources */ = {
			isa = PBXResourcesBuildPhase;
			buildActionMask = 2147483647;
			files = (
			);
			runOnlyForDeploymentPostprocessing = 0;
		};
		D786BD0627982793004619AD /* Resources */ = {
			isa = PBXResourcesBuildPhase;
			buildActionMask = 2147483647;
			files = (
			);
			runOnlyForDeploymentPostprocessing = 0;
		};
/* End PBXResourcesBuildPhase section */

/* Begin PBXShellScriptBuildPhase section */
		33F76DBFAC4844EB49A96B41 /* [CP] Check Pods Manifest.lock */ = {
			isa = PBXShellScriptBuildPhase;
			buildActionMask = 2147483647;
			files = (
			);
			inputFileListPaths = (
			);
			inputPaths = (
				"${PODS_PODFILE_DIR_PATH}/Podfile.lock",
				"${PODS_ROOT}/Manifest.lock",
			);
			name = "[CP] Check Pods Manifest.lock";
			outputFileListPaths = (
			);
			outputPaths = (
				"$(DERIVED_FILE_DIR)/Pods-CursoiOS-Proyecto2Tests-checkManifestLockResult.txt",
			);
			runOnlyForDeploymentPostprocessing = 0;
			shellPath = /bin/sh;
			shellScript = "diff \"${PODS_PODFILE_DIR_PATH}/Podfile.lock\" \"${PODS_ROOT}/Manifest.lock\" > /dev/null\nif [ $? != 0 ] ; then\n    # print error to STDERR\n    echo \"error: The sandbox is not in sync with the Podfile.lock. Run 'pod install' or update your CocoaPods installation.\" >&2\n    exit 1\nfi\n# This output is used by Xcode 'outputs' to avoid re-running this script phase.\necho \"SUCCESS\" > \"${SCRIPT_OUTPUT_FILE_0}\"\n";
			showEnvVarsInLog = 0;
		};
		86EA59638A85A7FEE16A0ED8 /* [CP] Embed Pods Frameworks */ = {
			isa = PBXShellScriptBuildPhase;
			buildActionMask = 2147483647;
			files = (
			);
			inputFileListPaths = (
				"${PODS_ROOT}/Target Support Files/Pods-CursoiOS-Proyecto2-CursoiOS-Proyecto2UITests/Pods-CursoiOS-Proyecto2-CursoiOS-Proyecto2UITests-frameworks-${CONFIGURATION}-input-files.xcfilelist",
			);
			name = "[CP] Embed Pods Frameworks";
			outputFileListPaths = (
				"${PODS_ROOT}/Target Support Files/Pods-CursoiOS-Proyecto2-CursoiOS-Proyecto2UITests/Pods-CursoiOS-Proyecto2-CursoiOS-Proyecto2UITests-frameworks-${CONFIGURATION}-output-files.xcfilelist",
			);
			runOnlyForDeploymentPostprocessing = 0;
			shellPath = /bin/sh;
			shellScript = "\"${PODS_ROOT}/Target Support Files/Pods-CursoiOS-Proyecto2-CursoiOS-Proyecto2UITests/Pods-CursoiOS-Proyecto2-CursoiOS-Proyecto2UITests-frameworks.sh\"\n";
			showEnvVarsInLog = 0;
		};
		A59BB8F054B9E9314C8A896E /* [CP] Check Pods Manifest.lock */ = {
			isa = PBXShellScriptBuildPhase;
			buildActionMask = 2147483647;
			files = (
			);
			inputFileListPaths = (
			);
			inputPaths = (
				"${PODS_PODFILE_DIR_PATH}/Podfile.lock",
				"${PODS_ROOT}/Manifest.lock",
			);
			name = "[CP] Check Pods Manifest.lock";
			outputFileListPaths = (
			);
			outputPaths = (
				"$(DERIVED_FILE_DIR)/Pods-CursoiOS-Proyecto2-checkManifestLockResult.txt",
			);
			runOnlyForDeploymentPostprocessing = 0;
			shellPath = /bin/sh;
			shellScript = "diff \"${PODS_PODFILE_DIR_PATH}/Podfile.lock\" \"${PODS_ROOT}/Manifest.lock\" > /dev/null\nif [ $? != 0 ] ; then\n    # print error to STDERR\n    echo \"error: The sandbox is not in sync with the Podfile.lock. Run 'pod install' or update your CocoaPods installation.\" >&2\n    exit 1\nfi\n# This output is used by Xcode 'outputs' to avoid re-running this script phase.\necho \"SUCCESS\" > \"${SCRIPT_OUTPUT_FILE_0}\"\n";
			showEnvVarsInLog = 0;
		};
		B67E7D5AC340FFCF40E4C79E /* [CP] Check Pods Manifest.lock */ = {
			isa = PBXShellScriptBuildPhase;
			buildActionMask = 2147483647;
			files = (
			);
			inputFileListPaths = (
			);
			inputPaths = (
				"${PODS_PODFILE_DIR_PATH}/Podfile.lock",
				"${PODS_ROOT}/Manifest.lock",
			);
			name = "[CP] Check Pods Manifest.lock";
			outputFileListPaths = (
			);
			outputPaths = (
				"$(DERIVED_FILE_DIR)/Pods-CursoiOS-Proyecto2-CursoiOS-Proyecto2UITests-checkManifestLockResult.txt",
			);
			runOnlyForDeploymentPostprocessing = 0;
			shellPath = /bin/sh;
			shellScript = "diff \"${PODS_PODFILE_DIR_PATH}/Podfile.lock\" \"${PODS_ROOT}/Manifest.lock\" > /dev/null\nif [ $? != 0 ] ; then\n    # print error to STDERR\n    echo \"error: The sandbox is not in sync with the Podfile.lock. Run 'pod install' or update your CocoaPods installation.\" >&2\n    exit 1\nfi\n# This output is used by Xcode 'outputs' to avoid re-running this script phase.\necho \"SUCCESS\" > \"${SCRIPT_OUTPUT_FILE_0}\"\n";
			showEnvVarsInLog = 0;
		};
		E74625A89151A20DC492035A /* [CP] Embed Pods Frameworks */ = {
			isa = PBXShellScriptBuildPhase;
			buildActionMask = 2147483647;
			files = (
			);
			inputFileListPaths = (
				"${PODS_ROOT}/Target Support Files/Pods-CursoiOS-Proyecto2/Pods-CursoiOS-Proyecto2-frameworks-${CONFIGURATION}-input-files.xcfilelist",
			);
			name = "[CP] Embed Pods Frameworks";
			outputFileListPaths = (
				"${PODS_ROOT}/Target Support Files/Pods-CursoiOS-Proyecto2/Pods-CursoiOS-Proyecto2-frameworks-${CONFIGURATION}-output-files.xcfilelist",
			);
			runOnlyForDeploymentPostprocessing = 0;
			shellPath = /bin/sh;
			shellScript = "\"${PODS_ROOT}/Target Support Files/Pods-CursoiOS-Proyecto2/Pods-CursoiOS-Proyecto2-frameworks.sh\"\n";
			showEnvVarsInLog = 0;
		};
/* End PBXShellScriptBuildPhase section */

/* Begin PBXSourcesBuildPhase section */
		D786BCE42798278F004619AD /* Sources */ = {
			isa = PBXSourcesBuildPhase;
			buildActionMask = 2147483647;
			files = (
				45771B13279F048B00EF2FCF /* CatsListPresenter.swift in Sources */,
				D786BD2C27982D07004619AD /* InitialControllerBuilder.swift in Sources */,
				D786BCEC2798278F004619AD /* AppDelegate.swift in Sources */,
				4532A89C27A1BE5200FEFC33 /* CatsToCatsListWireframe.swift in Sources */,
				451D09DE2799BB3500FB5A3B /* FetchCatsUseCase.swift in Sources */,
				45C53F2A27A0546100164FA8 /* UserFormBuilder.swift in Sources */,
				45C53F2F27A06C3000164FA8 /* UserFormPresenter.swift in Sources */,
				456B44A327986A24004A15B5 /* ListControllerBuilder.swift in Sources */,
				456B44A1279864CD004A15B5 /* ListViewController.swift in Sources */,
				45771B1B279F216800EF2FCF /* CatsListWireframe.swift in Sources */,
				456B44B527989722004A15B5 /* CollectionCollectionViewCell.swift in Sources */,
				4532A89A27A1BB5E00FEFC33 /* CatsToFormWireframe.swift in Sources */,
				45771B11279F035400EF2FCF /* ListViewContract.swift in Sources */,
				456B44B127988B0F004A15B5 /* CollectionViewController.swift in Sources */,
				4532A8A727A1C90B00FEFC33 /* UIViewControllerExtensions.swift in Sources */,
				45771B15279F1DA400EF2FCF /* CatsListInteractor.swift in Sources */,
				45C53F2227A04AE400164FA8 /* CatsListProvider.swift in Sources */,
				456B44B327988B98004A15B5 /* CollectionControllerBuilder.swift in Sources */,
				451D09E02799BB5200FB5A3B /* Cat.swift in Sources */,
				45C53F2C27A0633800164FA8 /* UserFormContract.swift in Sources */,
				45C53F2827A0541600164FA8 /* UserFormViewController.swift in Sources */,
				456B44AC279875C7004A15B5 /* DetailControllerBuilder.swift in Sources */,
				D786BCEE2798278F004619AD /* SceneDelegate.swift in Sources */,
				D786BD2127982A45004619AD /* FetchLandmarksUseCase.swift in Sources */,
				D786BD2427982A72004619AD /* Landmark.swift in Sources */,
				4532A8A527A1C85000FEFC33 /* StringExtensions.swift in Sources */,
				456B44A9279874DD004A15B5 /* DetailViewController.swift in Sources */,
				451D09E22799D70500FB5A3B /* ListTableViewCell.swift in Sources */,
				45C53F3127A06C8D00164FA8 /* UserFormModel.swift in Sources */,
			);
			runOnlyForDeploymentPostprocessing = 0;
		};
		D786BCFA27982793004619AD /* Sources */ = {
			isa = PBXSourcesBuildPhase;
			buildActionMask = 2147483647;
			files = (
				D786BD0327982793004619AD /* CursoiOS_Proyecto2Tests.swift in Sources */,
				D786BD2627982AD6004619AD /* FetchLandmarksFromDiskTests.swift in Sources */,
			);
			runOnlyForDeploymentPostprocessing = 0;
		};
		D786BD0427982793004619AD /* Sources */ = {
			isa = PBXSourcesBuildPhase;
			buildActionMask = 2147483647;
			files = (
				D786BD0D27982793004619AD /* CursoiOS_Proyecto2UITests.swift in Sources */,
				D786BD0F27982793004619AD /* CursoiOS_Proyecto2UITestsLaunchTests.swift in Sources */,
			);
			runOnlyForDeploymentPostprocessing = 0;
		};
/* End PBXSourcesBuildPhase section */

/* Begin PBXTargetDependency section */
		D786BD0027982793004619AD /* PBXTargetDependency */ = {
			isa = PBXTargetDependency;
			target = D786BCE72798278F004619AD /* CursoiOS-Proyecto2 */;
			targetProxy = D786BCFF27982793004619AD /* PBXContainerItemProxy */;
		};
		D786BD0A27982793004619AD /* PBXTargetDependency */ = {
			isa = PBXTargetDependency;
			target = D786BCE72798278F004619AD /* CursoiOS-Proyecto2 */;
			targetProxy = D786BD0927982793004619AD /* PBXContainerItemProxy */;
		};
/* End PBXTargetDependency section */

/* Begin PBXVariantGroup section */
		4532A8A127A1C3D800FEFC33 /* Localizable.strings */ = {
			isa = PBXVariantGroup;
			children = (
				4532A8A027A1C3D800FEFC33 /* en */,
				4532A8A227A1C45000FEFC33 /* es */,
			);
			name = Localizable.strings;
			sourceTree = "<group>";
		};
		D786BCF627982793004619AD /* LaunchScreen.storyboard */ = {
			isa = PBXVariantGroup;
			children = (
				D786BCF727982793004619AD /* Base */,
			);
			name = LaunchScreen.storyboard;
			sourceTree = "<group>";
		};
/* End PBXVariantGroup section */

/* Begin XCBuildConfiguration section */
		D786BD1027982793004619AD /* Debug */ = {
			isa = XCBuildConfiguration;
			buildSettings = {
				ALWAYS_SEARCH_USER_PATHS = NO;
				CLANG_ANALYZER_LOCALIZABILITY_NONLOCALIZED = YES;
				CLANG_ANALYZER_NONNULL = YES;
				CLANG_ANALYZER_NUMBER_OBJECT_CONVERSION = YES_AGGRESSIVE;
				CLANG_CXX_LANGUAGE_STANDARD = "gnu++17";
				CLANG_CXX_LIBRARY = "libc++";
				CLANG_ENABLE_MODULES = YES;
				CLANG_ENABLE_OBJC_ARC = YES;
				CLANG_ENABLE_OBJC_WEAK = YES;
				CLANG_WARN_BLOCK_CAPTURE_AUTORELEASING = YES;
				CLANG_WARN_BOOL_CONVERSION = YES;
				CLANG_WARN_COMMA = YES;
				CLANG_WARN_CONSTANT_CONVERSION = YES;
				CLANG_WARN_DEPRECATED_OBJC_IMPLEMENTATIONS = YES;
				CLANG_WARN_DIRECT_OBJC_ISA_USAGE = YES_ERROR;
				CLANG_WARN_DOCUMENTATION_COMMENTS = YES;
				CLANG_WARN_EMPTY_BODY = YES;
				CLANG_WARN_ENUM_CONVERSION = YES;
				CLANG_WARN_INFINITE_RECURSION = YES;
				CLANG_WARN_INT_CONVERSION = YES;
				CLANG_WARN_NON_LITERAL_NULL_CONVERSION = YES;
				CLANG_WARN_OBJC_IMPLICIT_RETAIN_SELF = YES;
				CLANG_WARN_OBJC_LITERAL_CONVERSION = YES;
				CLANG_WARN_OBJC_ROOT_CLASS = YES_ERROR;
				CLANG_WARN_QUOTED_INCLUDE_IN_FRAMEWORK_HEADER = YES;
				CLANG_WARN_RANGE_LOOP_ANALYSIS = YES;
				CLANG_WARN_STRICT_PROTOTYPES = YES;
				CLANG_WARN_SUSPICIOUS_MOVE = YES;
				CLANG_WARN_UNGUARDED_AVAILABILITY = YES_AGGRESSIVE;
				CLANG_WARN_UNREACHABLE_CODE = YES;
				CLANG_WARN__DUPLICATE_METHOD_MATCH = YES;
				COPY_PHASE_STRIP = NO;
				DEBUG_INFORMATION_FORMAT = dwarf;
				ENABLE_STRICT_OBJC_MSGSEND = YES;
				ENABLE_TESTABILITY = YES;
				GCC_C_LANGUAGE_STANDARD = gnu11;
				GCC_DYNAMIC_NO_PIC = NO;
				GCC_NO_COMMON_BLOCKS = YES;
				GCC_OPTIMIZATION_LEVEL = 0;
				GCC_PREPROCESSOR_DEFINITIONS = (
					"DEBUG=1",
					"$(inherited)",
				);
				GCC_WARN_64_TO_32_BIT_CONVERSION = YES;
				GCC_WARN_ABOUT_RETURN_TYPE = YES_ERROR;
				GCC_WARN_UNDECLARED_SELECTOR = YES;
				GCC_WARN_UNINITIALIZED_AUTOS = YES_AGGRESSIVE;
				GCC_WARN_UNUSED_FUNCTION = YES;
				GCC_WARN_UNUSED_VARIABLE = YES;
				IPHONEOS_DEPLOYMENT_TARGET = 15.0;
				MTL_ENABLE_DEBUG_INFO = INCLUDE_SOURCE;
				MTL_FAST_MATH = YES;
				ONLY_ACTIVE_ARCH = YES;
				SDKROOT = iphoneos;
				SWIFT_ACTIVE_COMPILATION_CONDITIONS = DEBUG;
				SWIFT_OPTIMIZATION_LEVEL = "-Onone";
			};
			name = Debug;
		};
		D786BD1127982793004619AD /* Release */ = {
			isa = XCBuildConfiguration;
			buildSettings = {
				ALWAYS_SEARCH_USER_PATHS = NO;
				CLANG_ANALYZER_LOCALIZABILITY_NONLOCALIZED = YES;
				CLANG_ANALYZER_NONNULL = YES;
				CLANG_ANALYZER_NUMBER_OBJECT_CONVERSION = YES_AGGRESSIVE;
				CLANG_CXX_LANGUAGE_STANDARD = "gnu++17";
				CLANG_CXX_LIBRARY = "libc++";
				CLANG_ENABLE_MODULES = YES;
				CLANG_ENABLE_OBJC_ARC = YES;
				CLANG_ENABLE_OBJC_WEAK = YES;
				CLANG_WARN_BLOCK_CAPTURE_AUTORELEASING = YES;
				CLANG_WARN_BOOL_CONVERSION = YES;
				CLANG_WARN_COMMA = YES;
				CLANG_WARN_CONSTANT_CONVERSION = YES;
				CLANG_WARN_DEPRECATED_OBJC_IMPLEMENTATIONS = YES;
				CLANG_WARN_DIRECT_OBJC_ISA_USAGE = YES_ERROR;
				CLANG_WARN_DOCUMENTATION_COMMENTS = YES;
				CLANG_WARN_EMPTY_BODY = YES;
				CLANG_WARN_ENUM_CONVERSION = YES;
				CLANG_WARN_INFINITE_RECURSION = YES;
				CLANG_WARN_INT_CONVERSION = YES;
				CLANG_WARN_NON_LITERAL_NULL_CONVERSION = YES;
				CLANG_WARN_OBJC_IMPLICIT_RETAIN_SELF = YES;
				CLANG_WARN_OBJC_LITERAL_CONVERSION = YES;
				CLANG_WARN_OBJC_ROOT_CLASS = YES_ERROR;
				CLANG_WARN_QUOTED_INCLUDE_IN_FRAMEWORK_HEADER = YES;
				CLANG_WARN_RANGE_LOOP_ANALYSIS = YES;
				CLANG_WARN_STRICT_PROTOTYPES = YES;
				CLANG_WARN_SUSPICIOUS_MOVE = YES;
				CLANG_WARN_UNGUARDED_AVAILABILITY = YES_AGGRESSIVE;
				CLANG_WARN_UNREACHABLE_CODE = YES;
				CLANG_WARN__DUPLICATE_METHOD_MATCH = YES;
				COPY_PHASE_STRIP = NO;
				DEBUG_INFORMATION_FORMAT = "dwarf-with-dsym";
				ENABLE_NS_ASSERTIONS = NO;
				ENABLE_STRICT_OBJC_MSGSEND = YES;
				GCC_C_LANGUAGE_STANDARD = gnu11;
				GCC_NO_COMMON_BLOCKS = YES;
				GCC_WARN_64_TO_32_BIT_CONVERSION = YES;
				GCC_WARN_ABOUT_RETURN_TYPE = YES_ERROR;
				GCC_WARN_UNDECLARED_SELECTOR = YES;
				GCC_WARN_UNINITIALIZED_AUTOS = YES_AGGRESSIVE;
				GCC_WARN_UNUSED_FUNCTION = YES;
				GCC_WARN_UNUSED_VARIABLE = YES;
				IPHONEOS_DEPLOYMENT_TARGET = 15.0;
				MTL_ENABLE_DEBUG_INFO = NO;
				MTL_FAST_MATH = YES;
				SDKROOT = iphoneos;
				SWIFT_COMPILATION_MODE = wholemodule;
				SWIFT_OPTIMIZATION_LEVEL = "-O";
				VALIDATE_PRODUCT = YES;
			};
			name = Release;
		};
		D786BD1327982793004619AD /* Debug */ = {
			isa = XCBuildConfiguration;
			baseConfigurationReference = 5190E534D46FCB9CC146CE14 /* Pods-CursoiOS-Proyecto2.debug.xcconfig */;
			buildSettings = {
				ASSETCATALOG_COMPILER_APPICON_NAME = AppIcon;
				ASSETCATALOG_COMPILER_GLOBAL_ACCENT_COLOR_NAME = AccentColor;
				CODE_SIGN_STYLE = Automatic;
				CURRENT_PROJECT_VERSION = 1;
				DEVELOPMENT_TEAM = HWZQ56V2B3;
				GENERATE_INFOPLIST_FILE = YES;
				INFOPLIST_FILE = "CursoiOS-Proyecto2/Info.plist";
				INFOPLIST_KEY_UIApplicationSupportsIndirectInputEvents = YES;
				INFOPLIST_KEY_UILaunchStoryboardName = LaunchScreen;
				INFOPLIST_KEY_UISupportedInterfaceOrientations_iPad = "UIInterfaceOrientationPortrait UIInterfaceOrientationPortraitUpsideDown UIInterfaceOrientationLandscapeLeft UIInterfaceOrientationLandscapeRight";
				INFOPLIST_KEY_UISupportedInterfaceOrientations_iPhone = "UIInterfaceOrientationPortrait UIInterfaceOrientationLandscapeLeft UIInterfaceOrientationLandscapeRight";
				LD_RUNPATH_SEARCH_PATHS = (
					"$(inherited)",
					"@executable_path/Frameworks",
				);
				MARKETING_VERSION = 1.0;
				PRODUCT_BUNDLE_IDENTIFIER = "com.atsistemas.CursoiOS-Proyecto2";
				PRODUCT_NAME = "$(TARGET_NAME)";
				SWIFT_EMIT_LOC_STRINGS = YES;
				SWIFT_VERSION = 5.0;
				TARGETED_DEVICE_FAMILY = "1,2";
			};
			name = Debug;
		};
		D786BD1427982793004619AD /* Release */ = {
			isa = XCBuildConfiguration;
			baseConfigurationReference = 314E908CB691053B58AB263C /* Pods-CursoiOS-Proyecto2.release.xcconfig */;
			buildSettings = {
				ASSETCATALOG_COMPILER_APPICON_NAME = AppIcon;
				ASSETCATALOG_COMPILER_GLOBAL_ACCENT_COLOR_NAME = AccentColor;
				CODE_SIGN_STYLE = Automatic;
				CURRENT_PROJECT_VERSION = 1;
				DEVELOPMENT_TEAM = HWZQ56V2B3;
				GENERATE_INFOPLIST_FILE = YES;
				INFOPLIST_FILE = "CursoiOS-Proyecto2/Info.plist";
				INFOPLIST_KEY_UIApplicationSupportsIndirectInputEvents = YES;
				INFOPLIST_KEY_UILaunchStoryboardName = LaunchScreen;
				INFOPLIST_KEY_UISupportedInterfaceOrientations_iPad = "UIInterfaceOrientationPortrait UIInterfaceOrientationPortraitUpsideDown UIInterfaceOrientationLandscapeLeft UIInterfaceOrientationLandscapeRight";
				INFOPLIST_KEY_UISupportedInterfaceOrientations_iPhone = "UIInterfaceOrientationPortrait UIInterfaceOrientationLandscapeLeft UIInterfaceOrientationLandscapeRight";
				LD_RUNPATH_SEARCH_PATHS = (
					"$(inherited)",
					"@executable_path/Frameworks",
				);
				MARKETING_VERSION = 1.0;
				PRODUCT_BUNDLE_IDENTIFIER = "com.atsistemas.CursoiOS-Proyecto2";
				PRODUCT_NAME = "$(TARGET_NAME)";
				SWIFT_EMIT_LOC_STRINGS = YES;
				SWIFT_VERSION = 5.0;
				TARGETED_DEVICE_FAMILY = "1,2";
			};
			name = Release;
		};
		D786BD1627982793004619AD /* Debug */ = {
			isa = XCBuildConfiguration;
			baseConfigurationReference = 7702DD57BE214B1243912FCF /* Pods-CursoiOS-Proyecto2Tests.debug.xcconfig */;
			buildSettings = {
				ALWAYS_EMBED_SWIFT_STANDARD_LIBRARIES = YES;
				BUNDLE_LOADER = "$(TEST_HOST)";
				CODE_SIGN_STYLE = Automatic;
				CURRENT_PROJECT_VERSION = 1;
				DEVELOPMENT_TEAM = HWZQ56V2B3;
				GENERATE_INFOPLIST_FILE = YES;
				IPHONEOS_DEPLOYMENT_TARGET = 15.0;
				LD_RUNPATH_SEARCH_PATHS = (
					"$(inherited)",
					"@executable_path/Frameworks",
					"@loader_path/Frameworks",
				);
				MARKETING_VERSION = 1.0;
				PRODUCT_BUNDLE_IDENTIFIER = "com.atsistemas.CursoiOS-Proyecto2Tests";
				PRODUCT_NAME = "$(TARGET_NAME)";
				SWIFT_EMIT_LOC_STRINGS = NO;
				SWIFT_VERSION = 5.0;
				TARGETED_DEVICE_FAMILY = "1,2";
				TEST_HOST = "$(BUILT_PRODUCTS_DIR)/CursoiOS-Proyecto2.app/CursoiOS-Proyecto2";
			};
			name = Debug;
		};
		D786BD1727982793004619AD /* Release */ = {
			isa = XCBuildConfiguration;
			baseConfigurationReference = 70AD52B70BD603144C3E962B /* Pods-CursoiOS-Proyecto2Tests.release.xcconfig */;
			buildSettings = {
				ALWAYS_EMBED_SWIFT_STANDARD_LIBRARIES = YES;
				BUNDLE_LOADER = "$(TEST_HOST)";
				CODE_SIGN_STYLE = Automatic;
				CURRENT_PROJECT_VERSION = 1;
				DEVELOPMENT_TEAM = HWZQ56V2B3;
				GENERATE_INFOPLIST_FILE = YES;
				IPHONEOS_DEPLOYMENT_TARGET = 15.0;
				LD_RUNPATH_SEARCH_PATHS = (
					"$(inherited)",
					"@executable_path/Frameworks",
					"@loader_path/Frameworks",
				);
				MARKETING_VERSION = 1.0;
				PRODUCT_BUNDLE_IDENTIFIER = "com.atsistemas.CursoiOS-Proyecto2Tests";
				PRODUCT_NAME = "$(TARGET_NAME)";
				SWIFT_EMIT_LOC_STRINGS = NO;
				SWIFT_VERSION = 5.0;
				TARGETED_DEVICE_FAMILY = "1,2";
				TEST_HOST = "$(BUILT_PRODUCTS_DIR)/CursoiOS-Proyecto2.app/CursoiOS-Proyecto2";
			};
			name = Release;
		};
		D786BD1927982793004619AD /* Debug */ = {
			isa = XCBuildConfiguration;
			baseConfigurationReference = 16898DC4962B0831CD32FA83 /* Pods-CursoiOS-Proyecto2-CursoiOS-Proyecto2UITests.debug.xcconfig */;
			buildSettings = {
				ALWAYS_EMBED_SWIFT_STANDARD_LIBRARIES = YES;
				CODE_SIGN_STYLE = Automatic;
				CURRENT_PROJECT_VERSION = 1;
				DEVELOPMENT_TEAM = HWZQ56V2B3;
				GENERATE_INFOPLIST_FILE = YES;
				LD_RUNPATH_SEARCH_PATHS = (
					"$(inherited)",
					"@executable_path/Frameworks",
					"@loader_path/Frameworks",
				);
				MARKETING_VERSION = 1.0;
				PRODUCT_BUNDLE_IDENTIFIER = "com.atsistemas.CursoiOS-Proyecto2UITests";
				PRODUCT_NAME = "$(TARGET_NAME)";
				SWIFT_EMIT_LOC_STRINGS = NO;
				SWIFT_VERSION = 5.0;
				TARGETED_DEVICE_FAMILY = "1,2";
				TEST_TARGET_NAME = "CursoiOS-Proyecto2";
			};
			name = Debug;
		};
		D786BD1A27982793004619AD /* Release */ = {
			isa = XCBuildConfiguration;
			baseConfigurationReference = 4A5A9FDDF78F23CD2E098C9B /* Pods-CursoiOS-Proyecto2-CursoiOS-Proyecto2UITests.release.xcconfig */;
			buildSettings = {
				ALWAYS_EMBED_SWIFT_STANDARD_LIBRARIES = YES;
				CODE_SIGN_STYLE = Automatic;
				CURRENT_PROJECT_VERSION = 1;
				DEVELOPMENT_TEAM = HWZQ56V2B3;
				GENERATE_INFOPLIST_FILE = YES;
				LD_RUNPATH_SEARCH_PATHS = (
					"$(inherited)",
					"@executable_path/Frameworks",
					"@loader_path/Frameworks",
				);
				MARKETING_VERSION = 1.0;
				PRODUCT_BUNDLE_IDENTIFIER = "com.atsistemas.CursoiOS-Proyecto2UITests";
				PRODUCT_NAME = "$(TARGET_NAME)";
				SWIFT_EMIT_LOC_STRINGS = NO;
				SWIFT_VERSION = 5.0;
				TARGETED_DEVICE_FAMILY = "1,2";
				TEST_TARGET_NAME = "CursoiOS-Proyecto2";
			};
			name = Release;
		};
/* End XCBuildConfiguration section */

/* Begin XCConfigurationList section */
		D786BCE32798278F004619AD /* Build configuration list for PBXProject "CursoiOS-Proyecto2" */ = {
			isa = XCConfigurationList;
			buildConfigurations = (
				D786BD1027982793004619AD /* Debug */,
				D786BD1127982793004619AD /* Release */,
			);
			defaultConfigurationIsVisible = 0;
			defaultConfigurationName = Release;
		};
		D786BD1227982793004619AD /* Build configuration list for PBXNativeTarget "CursoiOS-Proyecto2" */ = {
			isa = XCConfigurationList;
			buildConfigurations = (
				D786BD1327982793004619AD /* Debug */,
				D786BD1427982793004619AD /* Release */,
			);
			defaultConfigurationIsVisible = 0;
			defaultConfigurationName = Release;
		};
		D786BD1527982793004619AD /* Build configuration list for PBXNativeTarget "CursoiOS-Proyecto2Tests" */ = {
			isa = XCConfigurationList;
			buildConfigurations = (
				D786BD1627982793004619AD /* Debug */,
				D786BD1727982793004619AD /* Release */,
			);
			defaultConfigurationIsVisible = 0;
			defaultConfigurationName = Release;
		};
		D786BD1827982793004619AD /* Build configuration list for PBXNativeTarget "CursoiOS-Proyecto2UITests" */ = {
			isa = XCConfigurationList;
			buildConfigurations = (
				D786BD1927982793004619AD /* Debug */,
				D786BD1A27982793004619AD /* Release */,
			);
			defaultConfigurationIsVisible = 0;
			defaultConfigurationName = Release;
		};
/* End XCConfigurationList section */
	};
	rootObject = D786BCE02798278F004619AD /* Project object */;
}
